# THIS IS AN AUTOGENERATED FILE. DO NOT EDIT THIS FILE DIRECTLY.
# yarn lockfile v1


inversify@^5.0.5:
  version "5.0.5"
  resolved "https://registry.yarnpkg.com/inversify/-/inversify-5.0.5.tgz#bd1f8e6d8e0f739331acd8ba9bc954635aae0bbf"
  integrity sha512-60QsfPz8NAU/GZqXu8hJ+BhNf/C/c+Hp0eDc6XMIJTxBiP36AQyyQKpBkOVTLWBFDQWYVHpbbEuIsHu9dLuJDA==

reflect-metadata@^0.1.13:
  version "0.1.13"
  resolved "https://registry.yarnpkg.com/reflect-metadata/-/reflect-metadata-0.1.13.tgz#67ae3ca57c972a2aa1642b10fe363fe32d49dc08"
  integrity sha512-Ts1Y/anZELhSsjMcU605fU9RE4Oi3p5ORujwbIKXfWa+0Zxs510Qrmrce5/Jowq3cHSZSJqBjypxmHarc+vEWg==
